<?xml version="1.0" encoding="utf-8"?>
<Project ToolsVersion="4.0" xmlns="http://schemas.microsoft.com/developer/msbuild/2003">
  <ItemGroup>
    <Filter Include="소스 파일">
      <UniqueIdentifier>{4FC737F1-C7A5-4376-A066-2A32D752A2FF}</UniqueIdentifier>
      <Extensions>cpp;c;cc;cxx;def;odl;idl;hpj;bat;asm;asmx</Extensions>
    </Filter>
    <Filter Include="헤더 파일">
      <UniqueIdentifier>{93995380-89BD-4b04-88EB-625FBE52EBFB}</UniqueIdentifier>
      <Extensions>h;hh;hpp;hxx;hm;inl;inc;ipp;xsd</Extensions>
    </Filter>
    <Filter Include="리소스 파일">
      <UniqueIdentifier>{67DA6AB6-F800-4c08-8B7A-83BB121AAD01}</UniqueIdentifier>
      <Extensions>rc;ico;cur;bmp;dlg;rc2;rct;bin;rgs;gif;jpg;jpeg;jpe;resx;tiff;tif;png;wav;mfcribbon-ms</Extensions>
    </Filter>
    <Filter Include="소스 파일\iocp_server">
      <UniqueIdentifier>{91e0b797-f17d-410f-995a-0355bfcb0b88}</UniqueIdentifier>
    </Filter>
    <Filter Include="소스 파일\database_manager">
      <UniqueIdentifier>{23dc615c-ae03-40e7-abc7-728d7b735f55}</UniqueIdentifier>
    </Filter>
    <Filter Include="소스 파일\packet_manager">
      <UniqueIdentifier>{83842ec1-c88b-4cad-8741-0e678a49a9d9}</UniqueIdentifier>
    </Filter>
    <Filter Include="소스 파일\server_manager">
      <UniqueIdentifier>{d8c04147-9fa5-4bfa-8ec0-914bfa5f9a18}</UniqueIdentifier>
    </Filter>
    <Filter Include="소스 파일\main">
      <UniqueIdentifier>{caedd8ef-c0d5-4f14-ac3e-4f722acbcbc1}</UniqueIdentifier>
    </Filter>
  </ItemGroup>
  <ItemGroup>
    <ClCompile Include="iocp_server.cpp">
      <Filter>소스 파일\iocp_server</Filter>
    </ClCompile>
    <ClCompile Include="database_manager.cpp">
      <Filter>소스 파일\database_manager</Filter>
    </ClCompile>
    <ClCompile Include="packet_manager.cpp">
      <Filter>소스 파일\packet_manager</Filter>
    </ClCompile>
    <ClCompile Include="server_manager.cpp">
      <Filter>소스 파일\server_manager</Filter>
    </ClCompile>
    <ClCompile Include="main.cpp">
      <Filter>소스 파일\main</Filter>
    </ClCompile>
  </ItemGroup>
  <ItemGroup>
    <ClInclude Include="header.h">
      <Filter>헤더 파일</Filter>
    </ClInclude>
    <ClInclude Include="struct.h">
      <Filter>헤더 파일</Filter>
    </ClInclude>
    <ClInclude Include="protocol.h">
      <Filter>헤더 파일</Filter>
    </ClInclude>
    <ClInclude Include="singleTon.h">
      <Filter>헤더 파일</Filter>
    </ClInclude>
    <ClInclude Include="iocp_server.h">
      <Filter>소스 파일\iocp_server</Filter>
    </ClInclude>
    <ClInclude Include="database_manager.h">
      <Filter>소스 파일\database_manager</Filter>
    </ClInclude>
    <ClInclude Include="packet_manager.h">
      <Filter>소스 파일\packet_manager</Filter>
    </ClInclude>
    <ClInclude Include="server_manager.h">
      <Filter>소스 파일\server_manager</Filter>
    </ClInclude>
  </ItemGroup>
</Project>